
Microsoft Visual Studio Solution File, Format Version 12.00
# Visual Studio 15
VisualStudioVersion = 15.0.28307.852
MinimumVisualStudioVersion = 10.0.40219.1
Project("{8BC9CEB8-8B4A-11D0-8D11-00A0C91BC942}") = "CPPResearch", "CPPResearch\CPPResearch.vcxproj", "{0ACFF061-A51C-4EB9-90CA-01264E64E979}"
EndProject
Project("{8BC9CEB8-8B4A-11D0-8D11-00A0C91BC942}") = "Unit Tests", "UnitTest1\UnitTest1.vcxproj", "{BEE96B47-B6A5-419A-8FF6-43C92A26F619}"
EndProject
Global
	GlobalSection(SolutionConfigurationPlatforms) = preSolution
		Debug|x64 = Debug|x64
		Debug|x86 = Debug|x86
		Release|x64 = Release|x64
		Release|x86 = Release|x86
	EndGlobalSection
	GlobalSection(ProjectConfigurationPlatforms) = postSolution
		{0ACFF061-A51C-4EB9-90CA-01264E64E979}.Debug|x64.ActiveCfg = Debug|x64
		{0ACFF061-A51C-4EB9-90CA-01264E64E979}.Debug|x64.Build.0 = Debug|x64
		{0ACFF061-A51C-4EB9-90CA-01264E64E979}.Debug|x86.ActiveCfg = Debug|Win32
		{0ACFF061-A51C-4EB9-90CA-01264E64E979}.Debug|x86.Build.0 = Debug|Win32
		{0ACFF061-A51C-4EB9-90CA-01264E64E979}.Release|x64.ActiveCfg = Release|x64
		{0ACFF061-A51C-4EB9-90CA-01264E64E979}.Release|x64.Build.0 = Release|x64
		{0ACFF061-A51C-4EB9-90CA-01264E64E979}.Release|x86.ActiveCfg = Release|Win32
		{0ACFF061-A51C-4EB9-90CA-01264E64E979}.Release|x86.Build.0 = Release|Win32
		{BEE96B47-B6A5-419A-8FF6-43C92A26F619}.Debug|x64.ActiveCfg = Debug|x64
		{BEE96B47-B6A5-419A-8FF6-43C92A26F619}.Debug|x64.Build.0 = Debug|x64
		{BEE96B47-B6A5-419A-8FF6-43C92A26F619}.Debug|x86.ActiveCfg = Debug|Win32
		{BEE96B47-B6A5-419A-8FF6-43C92A26F619}.Debug|x86.Build.0 = Debug|Win32
		{BEE96B47-B6A5-419A-8FF6-43C92A26F619}.Release|x64.ActiveCfg = Release|x64
		{BEE96B47-B6A5-419A-8FF6-43C92A26F619}.Release|x64.Build.0 = Release|x64
		{BEE96B47-B6A5-419A-8FF6-43C92A26F619}.Release|x86.ActiveCfg = Release|Win32
		{BEE96B47-B6A5-419A-8FF6-43C92A26F619}.Release|x86.Build.0 = Release|Win32
	EndGlobalSection
	GlobalSection(SolutionProperties) = preSolution
		HideSolutionNode = FALSE
	EndGlobalSection
	GlobalSection(ExtensibilityGlobals) = postSolution
		SolutionGuid = {1DDFC8D3-ACC1-4E16-A157-FD4B7EE419AA}
	EndGlobalSection
EndGlobal
